// !$*UTF8*$!
{
	archiveVersion = 1;
	classes = {
	};
	objectVersion = 46;
	objects = {

/* Begin PBXAggregateTarget section */
		"FreeStreamer::FreeStreamerPackageTests::ProductTarget" /* FreeStreamerPackageTests */ = {
			isa = PBXAggregateTarget;
			buildConfigurationList = OBJ_33 /* Build configuration list for PBXAggregateTarget "FreeStreamerPackageTests" */;
			buildPhases = (
			);
			dependencies = (
				OBJ_36 /* PBXTargetDependency */,
			);
			name = FreeStreamerPackageTests;
			productName = FreeStreamerPackageTests;
		};
/* End PBXAggregateTarget section */

/* Begin PBXBuildFile section */
		9CD625C5250567BC00007E04 /* file_output.cpp in Sources */ = {isa = PBXBuildFile; fileRef = 9CD625A6250567BA00007E04 /* file_output.cpp */; };
		9CD625C6250567BC00007E04 /* FSParsePlaylistRequest.m in Sources */ = {isa = PBXBuildFile; fileRef = 9CD625C0250567BC00007E04 /* FSParsePlaylistRequest.m */; };
		9CD625C7250567BC00007E04 /* FSPlaylistItem.m in Sources */ = {isa = PBXBuildFile; fileRef = 9CD625AC250567BA00007E04 /* FSPlaylistItem.m */; };
		9CD625C8250567BC00007E04 /* caching_stream.cpp in Sources */ = {isa = PBXBuildFile; fileRef = 9CD625BA250567BB00007E04 /* caching_stream.cpp */; };
		9CD625C9250567BC00007E04 /* FSAudioController.m in Sources */ = {isa = PBXBuildFile; fileRef = 9CD625BD250567BB00007E04 /* FSAudioController.m */; };
		9CD625CA250567BC00007E04 /* http_stream.cpp in Sources */ = {isa = PBXBuildFile; fileRef = 9CD625A2250567BA00007E04 /* http_stream.cpp */; };
		9CD625CB250567BC00007E04 /* file_stream.cpp in Sources */ = {isa = PBXBuildFile; fileRef = 9CD625BF250567BB00007E04 /* file_stream.cpp */; };
		9CD625CC250567BC00007E04 /* stream_configuration.cpp in Sources */ = {isa = PBXBuildFile; fileRef = 9CD625A3250567BA00007E04 /* stream_configuration.cpp */; };
		9CD625CD250567BC00007E04 /* Reachability.m in Sources */ = {isa = PBXBuildFile; fileRef = 9CD625B7250567BB00007E04 /* Reachability.m */; };
		9CD625CE250567BC00007E04 /* audio_stream.cpp in Sources */ = {isa = PBXBuildFile; fileRef = 9CD625AE250567BA00007E04 /* audio_stream.cpp */; };
		9CD625CF250567BC00007E04 /* FSXMLHttpRequest.m in Sources */ = {isa = PBXBuildFile; fileRef = 9CD625BE250567BB00007E04 /* FSXMLHttpRequest.m */; };
		9CD625D0250567BC00007E04 /* FSParseRssPodcastFeedRequest.m in Sources */ = {isa = PBXBuildFile; fileRef = 9CD625B0250567BB00007E04 /* FSParseRssPodcastFeedRequest.m */; };
		9CD625D1250567BC00007E04 /* FSCheckContentTypeRequest.m in Sources */ = {isa = PBXBuildFile; fileRef = 9CD625B1250567BB00007E04 /* FSCheckContentTypeRequest.m */; };
		9CD625D2250567BC00007E04 /* input_stream.cpp in Sources */ = {isa = PBXBuildFile; fileRef = 9CD625A5250567BA00007E04 /* input_stream.cpp */; };
		9CD625D3250567BC00007E04 /* id3_parser.cpp in Sources */ = {isa = PBXBuildFile; fileRef = 9CD625B4250567BB00007E04 /* id3_parser.cpp */; };
		9CD625D4250567BC00007E04 /* FSAudioStream.mm in Sources */ = {isa = PBXBuildFile; fileRef = 9CD625B5250567BB00007E04 /* FSAudioStream.mm */; };
		9CD625D5250567BC00007E04 /* audio_queue.cpp in Sources */ = {isa = PBXBuildFile; fileRef = 9CD625C2250567BC00007E04 /* audio_queue.cpp */; };
		OBJ_24 /* FreeStreamer.swift in Sources */ = {isa = PBXBuildFile; fileRef = OBJ_9 /* FreeStreamer.swift */; };
		OBJ_31 /* Package.swift in Sources */ = {isa = PBXBuildFile; fileRef = OBJ_6 /* Package.swift */; };
		OBJ_45 /* FreeStreamer.framework in Frameworks */ = {isa = PBXBuildFile; fileRef = "FreeStreamer::FreeStreamer::Product" /* FreeStreamer.framework */; };
/* End PBXBuildFile section */

/* Begin PBXContainerItemProxy section */
		9CD6259F2505670D00007E04 /* PBXContainerItemProxy */ = {
			isa = PBXContainerItemProxy;
			containerPortal = OBJ_1 /* Project object */;
			proxyType = 1;
			remoteGlobalIDString = "FreeStreamer::FreeStreamer";
			remoteInfo = FreeStreamer;
		};
		9CD625A02505670E00007E04 /* PBXContainerItemProxy */ = {
			isa = PBXContainerItemProxy;
			containerPortal = OBJ_1 /* Project object */;
			proxyType = 1;
			remoteGlobalIDString = "FreeStreamer::FreeStreamerTests";
			remoteInfo = FreeStreamerTests;
		};
/* End PBXContainerItemProxy section */

/* Begin PBXFileReference section */
		9CD625A1250567BA00007E04 /* FSParseRssPodcastFeedRequest.h */ = {isa = PBXFileReference; lastKnownFileType = sourcecode.c.h; path = FSParseRssPodcastFeedRequest.h; sourceTree = "<group>"; };
		9CD625A2250567BA00007E04 /* http_stream.cpp */ = {isa = PBXFileReference; lastKnownFileType = sourcecode.cpp.cpp; path = http_stream.cpp; sourceTree = "<group>"; };
		9CD625A3250567BA00007E04 /* stream_configuration.cpp */ = {isa = PBXFileReference; lastKnownFileType = sourcecode.cpp.cpp; path = stream_configuration.cpp; sourceTree = "<group>"; };
		9CD625A4250567BA00007E04 /* caching_stream.h */ = {isa = PBXFileReference; lastKnownFileType = sourcecode.c.h; path = caching_stream.h; sourceTree = "<group>"; };
		9CD625A5250567BA00007E04 /* input_stream.cpp */ = {isa = PBXFileReference; lastKnownFileType = sourcecode.cpp.cpp; path = input_stream.cpp; sourceTree = "<group>"; };
		9CD625A6250567BA00007E04 /* file_output.cpp */ = {isa = PBXFileReference; lastKnownFileType = sourcecode.cpp.cpp; path = file_output.cpp; sourceTree = "<group>"; };
		9CD625A7250567BA00007E04 /* Info.plist */ = {isa = PBXFileReference; lastKnownFileType = text.plist.xml; path = Info.plist; sourceTree = "<group>"; };
		9CD625A8250567BA00007E04 /* stream_configuration.h */ = {isa = PBXFileReference; lastKnownFileType = sourcecode.c.h; path = stream_configuration.h; sourceTree = "<group>"; };
		9CD625A9250567BA00007E04 /* audio_stream.h */ = {isa = PBXFileReference; lastKnownFileType = sourcecode.c.h; path = audio_stream.h; sourceTree = "<group>"; };
		9CD625AA250567BA00007E04 /* FreeStreamer.h */ = {isa = PBXFileReference; lastKnownFileType = sourcecode.c.h; path = FreeStreamer.h; sourceTree = "<group>"; };
		9CD625AB250567BA00007E04 /* FSCheckContentTypeRequest.h */ = {isa = PBXFileReference; lastKnownFileType = sourcecode.c.h; path = FSCheckContentTypeRequest.h; sourceTree = "<group>"; };
		9CD625AC250567BA00007E04 /* FSPlaylistItem.m */ = {isa = PBXFileReference; lastKnownFileType = sourcecode.c.objc; path = FSPlaylistItem.m; sourceTree = "<group>"; };
		9CD625AD250567BA00007E04 /* http_stream.h */ = {isa = PBXFileReference; lastKnownFileType = sourcecode.c.h; path = http_stream.h; sourceTree = "<group>"; };
		9CD625AE250567BA00007E04 /* audio_stream.cpp */ = {isa = PBXFileReference; lastKnownFileType = sourcecode.cpp.cpp; path = audio_stream.cpp; sourceTree = "<group>"; };
		9CD625AF250567BA00007E04 /* Reachability.h */ = {isa = PBXFileReference; lastKnownFileType = sourcecode.c.h; path = Reachability.h; sourceTree = "<group>"; };
		9CD625B0250567BB00007E04 /* FSParseRssPodcastFeedRequest.m */ = {isa = PBXFileReference; lastKnownFileType = sourcecode.c.objc; path = FSParseRssPodcastFeedRequest.m; sourceTree = "<group>"; };
		9CD625B1250567BB00007E04 /* FSCheckContentTypeRequest.m */ = {isa = PBXFileReference; lastKnownFileType = sourcecode.c.objc; path = FSCheckContentTypeRequest.m; sourceTree = "<group>"; };
		9CD625B2250567BB00007E04 /* audio_queue.h */ = {isa = PBXFileReference; lastKnownFileType = sourcecode.c.h; path = audio_queue.h; sourceTree = "<group>"; };
		9CD625B3250567BB00007E04 /* FSAudioController.h */ = {isa = PBXFileReference; lastKnownFileType = sourcecode.c.h; path = FSAudioController.h; sourceTree = "<group>"; };
		9CD625B4250567BB00007E04 /* id3_parser.cpp */ = {isa = PBXFileReference; lastKnownFileType = sourcecode.cpp.cpp; path = id3_parser.cpp; sourceTree = "<group>"; };
		9CD625B5250567BB00007E04 /* FSAudioStream.mm */ = {isa = PBXFileReference; lastKnownFileType = sourcecode.cpp.objcpp; path = FSAudioStream.mm; sourceTree = "<group>"; };
		9CD625B6250567BB00007E04 /* id3_parser.h */ = {isa = PBXFileReference; lastKnownFileType = sourcecode.c.h; path = id3_parser.h; sourceTree = "<group>"; };
		9CD625B7250567BB00007E04 /* Reachability.m */ = {isa = PBXFileReference; lastKnownFileType = sourcecode.c.objc; path = Reachability.m; sourceTree = "<group>"; };
		9CD625B8250567BB00007E04 /* FSPlaylistItem.h */ = {isa = PBXFileReference; lastKnownFileType = sourcecode.c.h; path = FSPlaylistItem.h; sourceTree = "<group>"; };
		9CD625B9250567BB00007E04 /* file_stream.h */ = {isa = PBXFileReference; lastKnownFileType = sourcecode.c.h; path = file_stream.h; sourceTree = "<group>"; };
		9CD625BA250567BB00007E04 /* caching_stream.cpp */ = {isa = PBXFileReference; lastKnownFileType = sourcecode.cpp.cpp; path = caching_stream.cpp; sourceTree = "<group>"; };
		9CD625BB250567BB00007E04 /* FSParsePlaylistRequest.h */ = {isa = PBXFileReference; lastKnownFileType = sourcecode.c.h; path = FSParsePlaylistRequest.h; sourceTree = "<group>"; };
		9CD625BC250567BB00007E04 /* file_output.h */ = {isa = PBXFileReference; lastKnownFileType = sourcecode.c.h; path = file_output.h; sourceTree = "<group>"; };
		9CD625BD250567BB00007E04 /* FSAudioController.m */ = {isa = PBXFileReference; lastKnownFileType = sourcecode.c.objc; path = FSAudioController.m; sourceTree = "<group>"; };
		9CD625BE250567BB00007E04 /* FSXMLHttpRequest.m */ = {isa = PBXFileReference; lastKnownFileType = sourcecode.c.objc; path = FSXMLHttpRequest.m; sourceTree = "<group>"; };
		9CD625BF250567BB00007E04 /* file_stream.cpp */ = {isa = PBXFileReference; lastKnownFileType = sourcecode.cpp.cpp; path = file_stream.cpp; sourceTree = "<group>"; };
		9CD625C0250567BC00007E04 /* FSParsePlaylistRequest.m */ = {isa = PBXFileReference; lastKnownFileType = sourcecode.c.objc; path = FSParsePlaylistRequest.m; sourceTree = "<group>"; };
		9CD625C1250567BC00007E04 /* input_stream.h */ = {isa = PBXFileReference; lastKnownFileType = sourcecode.c.h; path = input_stream.h; sourceTree = "<group>"; };
		9CD625C2250567BC00007E04 /* audio_queue.cpp */ = {isa = PBXFileReference; lastKnownFileType = sourcecode.cpp.cpp; path = audio_queue.cpp; sourceTree = "<group>"; };
		9CD625C3250567BC00007E04 /* FSAudioStream.h */ = {isa = PBXFileReference; lastKnownFileType = sourcecode.c.h; path = FSAudioStream.h; sourceTree = "<group>"; };
		9CD625C4250567BC00007E04 /* FSXMLHttpRequest.h */ = {isa = PBXFileReference; lastKnownFileType = sourcecode.c.h; path = FSXMLHttpRequest.h; sourceTree = "<group>"; };
		"FreeStreamer::FreeStreamer::Product" /* FreeStreamer.framework */ = {isa = PBXFileReference; lastKnownFileType = wrapper.framework; path = FreeStreamer.framework; sourceTree = BUILT_PRODUCTS_DIR; };
		"FreeStreamer::FreeStreamerTests::Product" /* FreeStreamerTests.xctest */ = {isa = PBXFileReference; lastKnownFileType = file; path = FreeStreamerTests.xctest; sourceTree = BUILT_PRODUCTS_DIR; };
		OBJ_18 /* README.md */ = {isa = PBXFileReference; lastKnownFileType = net.daringfireball.markdown; path = README.md; sourceTree = "<group>"; };
		OBJ_6 /* Package.swift */ = {isa = PBXFileReference; explicitFileType = sourcecode.swift; path = Package.swift; sourceTree = "<group>"; };
		OBJ_9 /* FreeStreamer.swift */ = {isa = PBXFileReference; lastKnownFileType = sourcecode.swift; path = FreeStreamer.swift; sourceTree = "<group>"; };
/* End PBXFileReference section */

/* Begin PBXFrameworksBuildPhase section */
		OBJ_25 /* Frameworks */ = {
			isa = PBXFrameworksBuildPhase;
			buildActionMask = 0;
			files = (
			);
			runOnlyForDeploymentPostprocessing = 0;
		};
		OBJ_44 /* Frameworks */ = {
			isa = PBXFrameworksBuildPhase;
			buildActionMask = 0;
			files = (
				OBJ_45 /* FreeStreamer.framework in Frameworks */,
			);
			runOnlyForDeploymentPostprocessing = 0;
		};
/* End PBXFrameworksBuildPhase section */

/* Begin PBXGroup section */
		OBJ_14 /* Products */ = {
			isa = PBXGroup;
			children = (
				"FreeStreamer::FreeStreamerTests::Product" /* FreeStreamerTests.xctest */,
				"FreeStreamer::FreeStreamer::Product" /* FreeStreamer.framework */,
			);
			name = Products;
			sourceTree = BUILT_PRODUCTS_DIR;
		};
		OBJ_5 /*  */ = {
			isa = PBXGroup;
			children = (
				OBJ_6 /* Package.swift */,
				OBJ_14 /* Products */,
				OBJ_18 /* README.md */,
				OBJ_7 /* Sources */,
			);
			name = "";
			sourceTree = "<group>";
		};
		OBJ_7 /* Sources */ = {
			isa = PBXGroup;
			children = (
				OBJ_8 /* FreeStreamer */,
			);
			name = Sources;
			sourceTree = SOURCE_ROOT;
		};
		OBJ_8 /* FreeStreamer */ = {
			isa = PBXGroup;
			children = (
				9CD625C2250567BC00007E04 /* audio_queue.cpp */,
				9CD625B2250567BB00007E04 /* audio_queue.h */,
				9CD625AE250567BA00007E04 /* audio_stream.cpp */,
				9CD625A9250567BA00007E04 /* audio_stream.h */,
				9CD625BA250567BB00007E04 /* caching_stream.cpp */,
				9CD625A4250567BA00007E04 /* caching_stream.h */,
				9CD625A6250567BA00007E04 /* file_output.cpp */,
				9CD625BC250567BB00007E04 /* file_output.h */,
				9CD625BF250567BB00007E04 /* file_stream.cpp */,
				9CD625B9250567BB00007E04 /* file_stream.h */,
				9CD625AA250567BA00007E04 /* FreeStreamer.h */,
				9CD625B3250567BB00007E04 /* FSAudioController.h */,
				9CD625BD250567BB00007E04 /* FSAudioController.m */,
				9CD625C3250567BC00007E04 /* FSAudioStream.h */,
				9CD625B5250567BB00007E04 /* FSAudioStream.mm */,
				9CD625AB250567BA00007E04 /* FSCheckContentTypeRequest.h */,
				9CD625B1250567BB00007E04 /* FSCheckContentTypeRequest.m */,
				9CD625BB250567BB00007E04 /* FSParsePlaylistRequest.h */,
				9CD625C0250567BC00007E04 /* FSParsePlaylistRequest.m */,
				9CD625A1250567BA00007E04 /* FSParseRssPodcastFeedRequest.h */,
				9CD625B0250567BB00007E04 /* FSParseRssPodcastFeedRequest.m */,
				9CD625B8250567BB00007E04 /* FSPlaylistItem.h */,
				9CD625AC250567BA00007E04 /* FSPlaylistItem.m */,
				9CD625C4250567BC00007E04 /* FSXMLHttpRequest.h */,
				9CD625BE250567BB00007E04 /* FSXMLHttpRequest.m */,
				9CD625A2250567BA00007E04 /* http_stream.cpp */,
				9CD625AD250567BA00007E04 /* http_stream.h */,
				9CD625B4250567BB00007E04 /* id3_parser.cpp */,
				9CD625B6250567BB00007E04 /* id3_parser.h */,
				9CD625A7250567BA00007E04 /* Info.plist */,
				9CD625A5250567BA00007E04 /* input_stream.cpp */,
				9CD625C1250567BC00007E04 /* input_stream.h */,
				9CD625AF250567BA00007E04 /* Reachability.h */,
				9CD625B7250567BB00007E04 /* Reachability.m */,
				9CD625A3250567BA00007E04 /* stream_configuration.cpp */,
				9CD625A8250567BA00007E04 /* stream_configuration.h */,
				OBJ_9 /* FreeStreamer.swift */,
			);
			name = FreeStreamer;
			path = Sources/FreeStreamer;
			sourceTree = SOURCE_ROOT;
		};
/* End PBXGroup section */

/* Begin PBXNativeTarget section */
		"FreeStreamer::FreeStreamer" /* FreeStreamer */ = {
			isa = PBXNativeTarget;
			buildConfigurationList = OBJ_20 /* Build configuration list for PBXNativeTarget "FreeStreamer" */;
			buildPhases = (
				OBJ_23 /* Sources */,
				OBJ_25 /* Frameworks */,
			);
			buildRules = (
			);
			dependencies = (
			);
			name = FreeStreamer;
			productName = FreeStreamer;
			productReference = "FreeStreamer::FreeStreamer::Product" /* FreeStreamer.framework */;
			productType = "com.apple.product-type.framework";
		};
		"FreeStreamer::FreeStreamerTests" /* FreeStreamerTests */ = {
			isa = PBXNativeTarget;
			buildConfigurationList = OBJ_38 /* Build configuration list for PBXNativeTarget "FreeStreamerTests" */;
			buildPhases = (
				OBJ_41 /* Sources */,
				OBJ_44 /* Frameworks */,
			);
			buildRules = (
			);
			dependencies = (
				OBJ_46 /* PBXTargetDependency */,
			);
			name = FreeStreamerTests;
			productName = FreeStreamerTests;
			productReference = "FreeStreamer::FreeStreamerTests::Product" /* FreeStreamerTests.xctest */;
			productType = "com.apple.product-type.bundle.unit-test";
		};
		"FreeStreamer::SwiftPMPackageDescription" /* FreeStreamerPackageDescription */ = {
			isa = PBXNativeTarget;
			buildConfigurationList = OBJ_27 /* Build configuration list for PBXNativeTarget "FreeStreamerPackageDescription" */;
			buildPhases = (
				OBJ_30 /* Sources */,
			);
			buildRules = (
			);
			dependencies = (
			);
			name = FreeStreamerPackageDescription;
			productName = FreeStreamerPackageDescription;
			productType = "com.apple.product-type.framework";
		};
/* End PBXNativeTarget section */

/* Begin PBXProject section */
		OBJ_1 /* Project object */ = {
			isa = PBXProject;
			attributes = {
				LastSwiftMigration = 9999;
				LastUpgradeCheck = 9999;
			};
			buildConfigurationList = OBJ_2 /* Build configuration list for PBXProject "FreeStreamer" */;
			compatibilityVersion = "Xcode 3.2";
			developmentRegion = en;
			hasScannedForEncodings = 0;
			knownRegions = (
				en,
			);
			mainGroup = OBJ_5 /*  */;
			productRefGroup = OBJ_14 /* Products */;
			projectDirPath = "";
			projectRoot = "";
			targets = (
				"FreeStreamer::FreeStreamer" /* FreeStreamer */,
				"FreeStreamer::SwiftPMPackageDescription" /* FreeStreamerPackageDescription */,
				"FreeStreamer::FreeStreamerPackageTests::ProductTarget" /* FreeStreamerPackageTests */,
				"FreeStreamer::FreeStreamerTests" /* FreeStreamerTests */,
			);
		};
/* End PBXProject section */

/* Begin PBXSourcesBuildPhase section */
		OBJ_23 /* Sources */ = {
			isa = PBXSourcesBuildPhase;
			buildActionMask = 0;
			files = (
				9CD625D2250567BC00007E04 /* input_stream.cpp in Sources */,
				9CD625CF250567BC00007E04 /* FSXMLHttpRequest.m in Sources */,
				9CD625C6250567BC00007E04 /* FSParsePlaylistRequest.m in Sources */,
				9CD625C7250567BC00007E04 /* FSPlaylistItem.m in Sources */,
				9CD625CA250567BC00007E04 /* http_stream.cpp in Sources */,
				9CD625D0250567BC00007E04 /* FSParseRssPodcastFeedRequest.m in Sources */,
				9CD625CB250567BC00007E04 /* file_stream.cpp in Sources */,
				9CD625CD250567BC00007E04 /* Reachability.m in Sources */,
				9CD625C5250567BC00007E04 /* file_output.cpp in Sources */,
				9CD625CC250567BC00007E04 /* stream_configuration.cpp in Sources */,
				9CD625C9250567BC00007E04 /* FSAudioController.m in Sources */,
				9CD625D3250567BC00007E04 /* id3_parser.cpp in Sources */,
				9CD625D4250567BC00007E04 /* FSAudioStream.mm in Sources */,
				9CD625CE250567BC00007E04 /* audio_stream.cpp in Sources */,
				9CD625D5250567BC00007E04 /* audio_queue.cpp in Sources */,
				9CD625D1250567BC00007E04 /* FSCheckContentTypeRequest.m in Sources */,
				9CD625C8250567BC00007E04 /* caching_stream.cpp in Sources */,
				OBJ_24 /* FreeStreamer.swift in Sources */,
			);
			runOnlyForDeploymentPostprocessing = 0;
		};
		OBJ_30 /* Sources */ = {
			isa = PBXSourcesBuildPhase;
			buildActionMask = 0;
			files = (
				OBJ_31 /* Package.swift in Sources */,
			);
			runOnlyForDeploymentPostprocessing = 0;
		};
		OBJ_41 /* Sources */ = {
			isa = PBXSourcesBuildPhase;
			buildActionMask = 0;
			files = (
			);
			runOnlyForDeploymentPostprocessing = 0;
		};
/* End PBXSourcesBuildPhase section */

/* Begin PBXTargetDependency section */
		OBJ_36 /* PBXTargetDependency */ = {
			isa = PBXTargetDependency;
			target = "FreeStreamer::FreeStreamerTests" /* FreeStreamerTests */;
			targetProxy = 9CD625A02505670E00007E04 /* PBXContainerItemProxy */;
		};
		OBJ_46 /* PBXTargetDependency */ = {
			isa = PBXTargetDependency;
			target = "FreeStreamer::FreeStreamer" /* FreeStreamer */;
			targetProxy = 9CD6259F2505670D00007E04 /* PBXContainerItemProxy */;
		};
/* End PBXTargetDependency section */

/* Begin XCBuildConfiguration section */
		OBJ_21 /* Debug */ = {
			isa = XCBuildConfiguration;
			buildSettings = {
				ENABLE_TESTABILITY = YES;
				FRAMEWORK_SEARCH_PATHS = (
					"$(inherited)",
					"$(PLATFORM_DIR)/Developer/Library/Frameworks",
				);
				HEADER_SEARCH_PATHS = "$(inherited)";
				INFOPLIST_FILE = FreeStreamer.xcodeproj/FreeStreamer_Info.plist;
				IPHONEOS_DEPLOYMENT_TARGET = 8.0;
				LD_RUNPATH_SEARCH_PATHS = "$(inherited) $(TOOLCHAIN_DIR)/usr/lib/swift/macosx";
				MACOSX_DEPLOYMENT_TARGET = 10.10;
				OTHER_CFLAGS = "$(inherited)";
				OTHER_LDFLAGS = "$(inherited)";
				OTHER_SWIFT_FLAGS = "$(inherited)";
				PRODUCT_BUNDLE_IDENTIFIER = FreeStreamer;
				PRODUCT_MODULE_NAME = "$(TARGET_NAME:c99extidentifier)";
				PRODUCT_NAME = "$(TARGET_NAME:c99extidentifier)";
				SKIP_INSTALL = YES;
				SWIFT_ACTIVE_COMPILATION_CONDITIONS = "$(inherited)";
				SWIFT_VERSION = 5.0;
				TARGET_NAME = FreeStreamer;
				TVOS_DEPLOYMENT_TARGET = 9.0;
				WATCHOS_DEPLOYMENT_TARGET = 2.0;
			};
			name = Debug;
		};
		OBJ_22 /* Release */ = {
			isa = XCBuildConfiguration;
			buildSettings = {
				ENABLE_TESTABILITY = YES;
				FRAMEWORK_SEARCH_PATHS = (
					"$(inherited)",
					"$(PLATFORM_DIR)/Developer/Library/Frameworks",
				);
				HEADER_SEARCH_PATHS = "$(inherited)";
				INFOPLIST_FILE = FreeStreamer.xcodeproj/FreeStreamer_Info.plist;
				IPHONEOS_DEPLOYMENT_TARGET = 8.0;
				LD_RUNPATH_SEARCH_PATHS = "$(inherited) $(TOOLCHAIN_DIR)/usr/lib/swift/macosx";
				MACOSX_DEPLOYMENT_TARGET = 10.10;
				OTHER_CFLAGS = "$(inherited)";
				OTHER_LDFLAGS = "$(inherited)";
				OTHER_SWIFT_FLAGS = "$(inherited)";
				PRODUCT_BUNDLE_IDENTIFIER = FreeStreamer;
				PRODUCT_MODULE_NAME = "$(TARGET_NAME:c99extidentifier)";
				PRODUCT_NAME = "$(TARGET_NAME:c99extidentifier)";
				SKIP_INSTALL = YES;
				SWIFT_ACTIVE_COMPILATION_CONDITIONS = "$(inherited)";
				SWIFT_VERSION = 5.0;
				TARGET_NAME = FreeStreamer;
				TVOS_DEPLOYMENT_TARGET = 9.0;
				WATCHOS_DEPLOYMENT_TARGET = 2.0;
			};
			name = Release;
		};
		OBJ_28 /* Debug */ = {
			isa = XCBuildConfiguration;
			buildSettings = {
				LD = /usr/bin/true;
				OTHER_SWIFT_FLAGS = "-swift-version 5 -I $(TOOLCHAIN_DIR)/usr/lib/swift/pm/4_2 -target x86_64-apple-macosx10.10 -sdk /Applications/Xcode_11.3.1.app/Contents/Developer/Platforms/MacOSX.platform/Developer/SDKs/MacOSX10.15.sdk -package-description-version 5.1";
				SWIFT_VERSION = 5.0;
			};
			name = Debug;
		};
		OBJ_29 /* Release */ = {
			isa = XCBuildConfiguration;
			buildSettings = {
				LD = /usr/bin/true;
				OTHER_SWIFT_FLAGS = "-swift-version 5 -I $(TOOLCHAIN_DIR)/usr/lib/swift/pm/4_2 -target x86_64-apple-macosx10.10 -sdk /Applications/Xcode_11.3.1.app/Contents/Developer/Platforms/MacOSX.platform/Developer/SDKs/MacOSX10.15.sdk -package-description-version 5.1";
				SWIFT_VERSION = 5.0;
			};
			name = Release;
		};
		OBJ_3 /* Debug */ = {
			isa = XCBuildConfiguration;
			buildSettings = {
				CLANG_ENABLE_OBJC_ARC = YES;
				COMBINE_HIDPI_IMAGES = YES;
				COPY_PHASE_STRIP = NO;
				DEBUG_INFORMATION_FORMAT = dwarf;
				DYLIB_INSTALL_NAME_BASE = "@rpath";
				ENABLE_NS_ASSERTIONS = YES;
				GCC_OPTIMIZATION_LEVEL = 0;
				GCC_PREPROCESSOR_DEFINITIONS = (
					"$(inherited)",
					"SWIFT_PACKAGE=1",
					"DEBUG=1",
				);
				MACOSX_DEPLOYMENT_TARGET = 10.10;
				ONLY_ACTIVE_ARCH = YES;
				OTHER_SWIFT_FLAGS = "$(inherited) -DXcode";
				PRODUCT_NAME = "$(TARGET_NAME)";
				SDKROOT = macosx;
				SUPPORTED_PLATFORMS = "macosx iphoneos iphonesimulator appletvos appletvsimulator watchos watchsimulator";
				SWIFT_ACTIVE_COMPILATION_CONDITIONS = "$(inherited) SWIFT_PACKAGE DEBUG";
				SWIFT_OPTIMIZATION_LEVEL = "-Onone";
				USE_HEADERMAP = NO;
			};
			name = Debug;
		};
		OBJ_34 /* Debug */ = {
			isa = XCBuildConfiguration;
			buildSettings = {
			};
			name = Debug;
		};
		OBJ_35 /* Release */ = {
			isa = XCBuildConfiguration;
			buildSettings = {
			};
			name = Release;
		};
		OBJ_39 /* Debug */ = {
			isa = XCBuildConfiguration;
			buildSettings = {
				CLANG_ENABLE_MODULES = YES;
				EMBEDDED_CONTENT_CONTAINS_SWIFT = YES;
				FRAMEWORK_SEARCH_PATHS = (
					"$(inherited)",
					"$(PLATFORM_DIR)/Developer/Library/Frameworks",
				);
				HEADER_SEARCH_PATHS = "$(inherited)";
				INFOPLIST_FILE = FreeStreamer.xcodeproj/FreeStreamerTests_Info.plist;
				IPHONEOS_DEPLOYMENT_TARGET = 8.0;
				LD_RUNPATH_SEARCH_PATHS = "$(inherited) @loader_path/../Frameworks @loader_path/Frameworks";
				MACOSX_DEPLOYMENT_TARGET = 10.10;
				OTHER_CFLAGS = "$(inherited)";
				OTHER_LDFLAGS = "$(inherited)";
				OTHER_SWIFT_FLAGS = "$(inherited)";
				SWIFT_ACTIVE_COMPILATION_CONDITIONS = "$(inherited)";
				SWIFT_VERSION = 5.0;
				TARGET_NAME = FreeStreamerTests;
				TVOS_DEPLOYMENT_TARGET = 9.0;
				WATCHOS_DEPLOYMENT_TARGET = 2.0;
			};
			name = Debug;
		};
		OBJ_4 /* Release */ = {
			isa = XCBuildConfiguration;
			buildSettings = {
				CLANG_ENABLE_OBJC_ARC = YES;
				COMBINE_HIDPI_IMAGES = YES;
				COPY_PHASE_STRIP = YES;
				DEBUG_INFORMATION_FORMAT = "dwarf-with-dsym";
				DYLIB_INSTALL_NAME_BASE = "@rpath";
				GCC_OPTIMIZATION_LEVEL = s;
				GCC_PREPROCESSOR_DEFINITIONS = (
					"$(inherited)",
					"SWIFT_PACKAGE=1",
				);
				MACOSX_DEPLOYMENT_TARGET = 10.10;
				OTHER_SWIFT_FLAGS = "$(inherited) -DXcode";
				PRODUCT_NAME = "$(TARGET_NAME)";
				SDKROOT = macosx;
				SUPPORTED_PLATFORMS = "macosx iphoneos iphonesimulator appletvos appletvsimulator watchos watchsimulator";
				SWIFT_ACTIVE_COMPILATION_CONDITIONS = "$(inherited) SWIFT_PACKAGE";
				SWIFT_OPTIMIZATION_LEVEL = "-Owholemodule";
				USE_HEADERMAP = NO;
			};
			name = Release;
		};
		OBJ_40 /* Release */ = {
			isa = XCBuildConfiguration;
			buildSettings = {
				CLANG_ENABLE_MODULES = YES;
				EMBEDDED_CONTENT_CONTAINS_SWIFT = YES;
				FRAMEWORK_SEARCH_PATHS = (
					"$(inherited)",
					"$(PLATFORM_DIR)/Developer/Library/Frameworks",
				);
				HEADER_SEARCH_PATHS = "$(inherited)";
				INFOPLIST_FILE = FreeStreamer.xcodeproj/FreeStreamerTests_Info.plist;
				IPHONEOS_DEPLOYMENT_TARGET = 8.0;
				LD_RUNPATH_SEARCH_PATHS = "$(inherited) @loader_path/../Frameworks @loader_path/Frameworks";
				MACOSX_DEPLOYMENT_TARGET = 10.10;
				OTHER_CFLAGS = "$(inherited)";
				OTHER_LDFLAGS = "$(inherited)";
				OTHER_SWIFT_FLAGS = "$(inherited)";
				SWIFT_ACTIVE_COMPILATION_CONDITIONS = "$(inherited)";
				SWIFT_VERSION = 5.0;
				TARGET_NAME = FreeStreamerTests;
				TVOS_DEPLOYMENT_TARGET = 9.0;
				WATCHOS_DEPLOYMENT_TARGET = 2.0;
			};
			name = Release;
		};
/* End XCBuildConfiguration section */

/* Begin XCConfigurationList section */
		OBJ_2 /* Build configuration list for PBXProject "FreeStreamer" */ = {
			isa = XCConfigurationList;
			buildConfigurations = (
				OBJ_3 /* Debug */,
				OBJ_4 /* Release */,
			);
			defaultConfigurationIsVisible = 0;
			defaultConfigurationName = Release;
		};
		OBJ_20 /* Build configuration list for PBXNativeTarget "FreeStreamer" */ = {
			isa = XCConfigurationList;
			buildConfigurations = (
				OBJ_21 /* Debug */,
				OBJ_22 /* Release */,
			);
			defaultConfigurationIsVisible = 0;
			defaultConfigurationName = Release;
		};
		OBJ_27 /* Build configuration list for PBXNativeTarget "FreeStreamerPackageDescription" */ = {
			isa = XCConfigurationList;
			buildConfigurations = (
				OBJ_28 /* Debug */,
				OBJ_29 /* Release */,
			);
			defaultConfigurationIsVisible = 0;
			defaultConfigurationName = Release;
		};
		OBJ_33 /* Build configuration list for PBXAggregateTarget "FreeStreamerPackageTests" */ = {
			isa = XCConfigurationList;
			buildConfigurations = (
				OBJ_34 /* Debug */,
				OBJ_35 /* Release */,
			);
			defaultConfigurationIsVisible = 0;
			defaultConfigurationName = Release;
		};
		OBJ_38 /* Build configuration list for PBXNativeTarget "FreeStreamerTests" */ = {
			isa = XCConfigurationList;
			buildConfigurations = (
				OBJ_39 /* Debug */,
				OBJ_40 /* Release */,
			);
			defaultConfigurationIsVisible = 0;
			defaultConfigurationName = Release;
		};
/* End XCConfigurationList section */
	};
	rootObject = OBJ_1 /* Project object */;
}
